// !$*UTF8*$!
{
	archiveVersion = 1;
	classes = {
	};
	objectVersion = 50;
	objects = {

/* Begin PBXBuildFile section */
		C18B2F5124619B3D00467566 /* AppDelegate.swift in Sources */ = {isa = PBXBuildFile; fileRef = C18B2F5024619B3D00467566 /* AppDelegate.swift */; };
		C18B2F5324619B3D00467566 /* SceneDelegate.swift in Sources */ = {isa = PBXBuildFile; fileRef = C18B2F5224619B3D00467566 /* SceneDelegate.swift */; };
		C18B2F5524619B3D00467566 /* ContentView.swift in Sources */ = {isa = PBXBuildFile; fileRef = C18B2F5424619B3D00467566 /* ContentView.swift */; };
		C18B2F5724619B4000467566 /* Assets.xcassets in Resources */ = {isa = PBXBuildFile; fileRef = C18B2F5624619B4000467566 /* Assets.xcassets */; };
		C18B2F5A24619B4000467566 /* Preview Assets.xcassets in Resources */ = {isa = PBXBuildFile; fileRef = C18B2F5924619B4000467566 /* Preview Assets.xcassets */; };
		C18B2F5D24619B4000467566 /* LaunchScreen.storyboard in Resources */ = {isa = PBXBuildFile; fileRef = C18B2F5B24619B4000467566 /* LaunchScreen.storyboard */; };
/* End PBXBuildFile section */

/* Begin PBXFileReference section */
		C18B2F4D24619B3D00467566 /* Split View.app */ = {isa = PBXFileReference; explicitFileType = wrapper.application; includeInIndex = 0; path = "Split View.app"; sourceTree = BUILT_PRODUCTS_DIR; };
		C18B2F5024619B3D00467566 /* AppDelegate.swift */ = {isa = PBXFileReference; lastKnownFileType = sourcecode.swift; path = AppDelegate.swift; sourceTree = "<group>"; };
		C18B2F5224619B3D00467566 /* SceneDelegate.swift */ = {isa = PBXFileReference; lastKnownFileType = sourcecode.swift; path = SceneDelegate.swift; sourceTree = "<group>"; };
		C18B2F5424619B3D00467566 /* ContentView.swift */ = {isa = PBXFileReference; lastKnownFileType = sourcecode.swift; path = ContentView.swift; sourceTree = "<group>"; };
		C18B2F5624619B4000467566 /* Assets.xcassets */ = {isa = PBXFileReference; lastKnownFileType = folder.assetcatalog; path = Assets.xcassets; sourceTree = "<group>"; };
		C18B2F5924619B4000467566 /* Preview Assets.xcassets */ = {isa = PBXFileReference; lastKnownFileType = folder.assetcatalog; path = "Preview Assets.xcassets"; sourceTree = "<group>"; };
		C18B2F5C24619B4000467566 /* Base */ = {isa = PBXFileReference; lastKnownFileType = file.storyboard; name = Base; path = Base.lproj/LaunchScreen.storyboard; sourceTree = "<group>"; };
		C18B2F5E24619B4000467566 /* Info.plist */ = {isa = PBXFileReference; lastKnownFileType = text.plist.xml; path = Info.plist; sourceTree = "<group>"; };
/* End PBXFileReference section */

/* Begin PBXFrameworksBuildPhase section */
		C18B2F4A24619B3D00467566 /* Frameworks */ = {
			isa = PBXFrameworksBuildPhase;
			buildActionMask = 2147483647;
			files = (
			);
			runOnlyForDeploymentPostprocessing = 0;
		};
/* End PBXFrameworksBuildPhase section */

/* Begin PBXGroup section */
		C18B2F4424619B3D00467566 = {
			isa = PBXGroup;
			children = (
				C18B2F4F24619B3D00467566 /* Split View */,
				C18B2F4E24619B3D00467566 /* Products */,
			);
			sourceTree = "<group>";
		};
		C18B2F4E24619B3D00467566 /* Products */ = {
			isa = PBXGroup;
			children = (
				C18B2F4D24619B3D00467566 /* Split View.app */,
			);
			name = Products;
			sourceTree = "<group>";
		};
		C18B2F4F24619B3D00467566 /* Split View */ = {
			isa = PBXGroup;
			children = (
				C18B2F5024619B3D00467566 /* AppDelegate.swift */,
				C18B2F5224619B3D00467566 /* SceneDelegate.swift */,
				C18B2F5424619B3D00467566 /* ContentView.swift */,
				C18B2F5624619B4000467566 /* Assets.xcassets */,
				C18B2F5B24619B4000467566 /* LaunchScreen.storyboard */,
				C18B2F5E24619B4000467566 /* Info.plist */,
				C18B2F5824619B4000467566 /* Preview Content */,
			);
			path = "Split View";
			sourceTree = "<group>";
		};
		C18B2F5824619B4000467566 /* Preview Content */ = {
			isa = PBXGroup;
			children = (
				C18B2F5924619B4000467566 /* Preview Assets.xcassets */,
			);
			path = "Preview Content";
			sourceTree = "<group>";
		};
/* End PBXGroup section */

/* Begin PBXNativeTarget section */
		C18B2F4C24619B3D00467566 /* Split View */ = {
			isa = PBXNativeTarget;
			buildConfigurationList = C18B2F6124619B4000467566 /* Build configuration list for PBXNativeTarget "Split View" */;
			buildPhases = (
				C18B2F4924619B3D00467566 /* Sources */,
				C18B2F4A24619B3D00467566 /* Frameworks */,
				C18B2F4B24619B3D00467566 /* Resources */,
			);
			buildRules = (
			);
			dependencies = (
			);
			name = "Split View";
			productName = "Split View";
			productReference = C18B2F4D24619B3D00467566 /* Split View.app */;
			productType = "com.apple.product-type.application";
		};
/* End PBXNativeTarget section */

/* Begin PBXProject section */
		C18B2F4524619B3D00467566 /* Project object */ = {
			isa = PBXProject;
			attributes = {
				LastSwiftUpdateCheck = 1140;
				LastUpgradeCheck = 1140;
				ORGANIZATIONNAME = yht;
				TargetAttributes = {
					C18B2F4C24619B3D00467566 = {
						CreatedOnToolsVersion = 11.4;
					};
				};
			};
			buildConfigurationList = C18B2F4824619B3D00467566 /* Build configuration list for PBXProject "Split View" */;
			compatibilityVersion = "Xcode 9.3";
			developmentRegion = en;
			hasScannedForEncodings = 0;
			knownRegions = (
				en,
				Base,
			);
			mainGroup = C18B2F4424619B3D00467566;
			productRefGroup = C18B2F4E24619B3D00467566 /* Products */;
			projectDirPath = "";
			projectRoot = "";
			targets = (
				C18B2F4C24619B3D00467566 /* Split View */,
			);
		};
/* End PBXProject section */

/* Begin PBXResourcesBuildPhase section */
		C18B2F4B24619B3D00467566 /* Resources */ = {
			isa = PBXResourcesBuildPhase;
			buildActionMask = 2147483647;
			files = (
				C18B2F5D24619B4000467566 /* LaunchScreen.storyboard in Resources */,
				C18B2F5A24619B4000467566 /* Preview Assets.xcassets in Resources */,
				C18B2F5724619B4000467566 /* Assets.xcassets in Resources */,
			);
			runOnlyForDeploymentPostprocessing = 0;
		};
/* End PBXResourcesBuildPhase section */

/* Begin PBXSourcesBuildPhase section */
		C18B2F4924619B3D00467566 /* Sources */ = {
			isa = PBXSourcesBuildPhase;
			buildActionMask = 2147483647;
			files = (
				C18B2F5124619B3D00467566 /* AppDelegate.swift in Sources */,
				C18B2F5324619B3D00467566 /* SceneDelegate.swift in Sources */,
				C18B2F5524619B3D00467566 /* ContentView.swift in Sources */,
			);
			runOnlyForDeploymentPostprocessing = 0;
		};
/* End PBXSourcesBuildPhase section */

/* Begin PBXVariantGroup section */
		C18B2F5B24619B4000467566 /* LaunchScreen.storyboard */ = {
			isa = PBXVariantGroup;
			children = (
				C18B2F5C24619B4000467566 /* Base */,
			);
			name = LaunchScreen.storyboard;
			sourceTree = "<group>";
		};
/* End PBXVariantGroup section */

/* Begin XCBuildConfiguration section */
		C18B2F5F24619B4000467566 /* Debug */ = {
			isa = XCBuildConfiguration;
			buildSettings = {
				ALWAYS_SEARCH_USER_PATHS = NO;
				CLANG_ANALYZER_NONNULL = YES;
				CLANG_ANALYZER_NUMBER_OBJECT_CONVERSION = YES_AGGRESSIVE;
				CLANG_CXX_LANGUAGE_STANDARD = "gnu++14";
				CLANG_CXX_LIBRARY = "libc++";
				CLANG_ENABLE_MODULES = YES;
				CLANG_ENABLE_OBJC_ARC = YES;
				CLANG_ENABLE_OBJC_WEAK = YES;
				CLANG_WARN_BLOCK_CAPTURE_AUTORELEASING = YES;
				CLANG_WARN_BOOL_CONVERSION = YES;
				CLANG_WARN_COMMA = YES;
				CLANG_WARN_CONSTANT_CONVERSION = YES;
				CLANG_WARN_DEPRECATED_OBJC_IMPLEMENTATIONS = YES;
				CLANG_WARN_DIRECT_OBJC_ISA_USAGE = YES_ERROR;
				CLANG_WARN_DOCUMENTATION_COMMENTS = YES;
				CLANG_WARN_EMPTY_BODY = YES;
				CLANG_WARN_ENUM_CONVERSION = YES;
				CLANG_WARN_INFINITE_RECURSION = YES;
				CLANG_WARN_INT_CONVERSION = YES;
				CLANG_WARN_NON_LITERAL_NULL_CONVERSION = YES;
				CLANG_WARN_OBJC_IMPLICIT_RETAIN_SELF = YES;
				CLANG_WARN_OBJC_LITERAL_CONVERSION = YES;
				CLANG_WARN_OBJC_ROOT_CLASS = YES_ERROR;
				CLANG_WARN_RANGE_LOOP_ANALYSIS = YES;
				CLANG_WARN_STRICT_PROTOTYPES = YES;
				CLANG_WARN_SUSPICIOUS_MOVE = YES;
				CLANG_WARN_UNGUARDED_AVAILABILITY = YES_AGGRESSIVE;
				CLANG_WARN_UNREACHABLE_CODE = YES;
				CLANG_WARN__DUPLICATE_METHOD_MATCH = YES;
				COPY_PHASE_STRIP = NO;
				DEBUG_INFORMATION_FORMAT = dwarf;
				ENABLE_STRICT_OBJC_MSGSEND = YES;
				ENABLE_TESTABILITY = YES;
				GCC_C_LANGUAGE_STANDARD = gnu11;
				GCC_DYNAMIC_NO_PIC = NO;
				GCC_NO_COMMON_BLOCKS = YES;
				GCC_OPTIMIZATION_LEVEL = 0;
				GCC_PREPROCESSOR_DEFINITIONS = (
					"DEBUG=1",
					"$(inherited)",
				);
				GCC_WARN_64_TO_32_BIT_CONVERSION = YES;
				GCC_WARN_ABOUT_RETURN_TYPE = YES_ERROR;
				GCC_WARN_UNDECLARED_SELECTOR = YES;
				GCC_WARN_UNINITIALIZED_AUTOS = YES_AGGRESSIVE;
				GCC_WARN_UNUSED_FUNCTION = YES;
				GCC_WARN_UNUSED_VARIABLE = YES;
				IPHONEOS_DEPLOYMENT_TARGET = 13.4;
				MTL_ENABLE_DEBUG_INFO = INCLUDE_SOURCE;
				MTL_FAST_MATH = YES;
				ONLY_ACTIVE_ARCH = YES;
				SDKROOT = iphoneos;
				SWIFT_ACTIVE_COMPILATION_CONDITIONS = DEBUG;
				SWIFT_OPTIMIZATION_LEVEL = "-Onone";
			};
			name = Debug;
		};
		C18B2F6024619B4000467566 /* Release */ = {
			isa = XCBuildConfiguration;
			buildSettings = {
				ALWAYS_SEARCH_USER_PATHS = NO;
				CLANG_ANALYZER_NONNULL = YES;
				CLANG_ANALYZER_NUMBER_OBJECT_CONVERSION = YES_AGGRESSIVE;
				CLANG_CXX_LANGUAGE_STANDARD = "gnu++14";
				CLANG_CXX_LIBRARY = "libc++";
				CLANG_ENABLE_MODULES = YES;
				CLANG_ENABLE_OBJC_ARC = YES;
				CLANG_ENABLE_OBJC_WEAK = YES;
				CLANG_WARN_BLOCK_CAPTURE_AUTORELEASING = YES;
				CLANG_WARN_BOOL_CONVERSION = YES;
				CLANG_WARN_COMMA = YES;
				CLANG_WARN_CONSTANT_CONVERSION = YES;
				CLANG_WARN_DEPRECATED_OBJC_IMPLEMENTATIONS = YES;
				CLANG_WARN_DIRECT_OBJC_ISA_USAGE = YES_ERROR;
				CLANG_WARN_DOCUMENTATION_COMMENTS = YES;
				CLANG_WARN_EMPTY_BODY = YES;
				CLANG_WARN_ENUM_CONVERSION = YES;
				CLANG_WARN_INFINITE_RECURSION = YES;
				CLANG_WARN_INT_CONVERSION = YES;
				CLANG_WARN_NON_LITERAL_NULL_CONVERSION = YES;
				CLANG_WARN_OBJC_IMPLICIT_RETAIN_SELF = YES;
				CLANG_WARN_OBJC_LITERAL_CONVERSION = YES;
				CLANG_WARN_OBJC_ROOT_CLASS = YES_ERROR;
				CLANG_WARN_RANGE_LOOP_ANALYSIS = YES;
				CLANG_WARN_STRICT_PROTOTYPES = YES;
				CLANG_WARN_SUSPICIOUS_MOVE = YES;
				CLANG_WARN_UNGUARDED_AVAILABILITY = YES_AGGRESSIVE;
				CLANG_WARN_UNREACHABLE_CODE = YES;
				CLANG_WARN__DUPLICATE_METHOD_MATCH = YES;
				COPY_PHASE_STRIP = NO;
				DEBUG_INFORMATION_FORMAT = "dwarf-with-dsym";
				ENABLE_NS_ASSERTIONS = NO;
				ENABLE_STRICT_OBJC_MSGSEND = YES;
				GCC_C_LANGUAGE_STANDARD = gnu11;
				GCC_NO_COMMON_BLOCKS = YES;
				GCC_WARN_64_TO_32_BIT_CONVERSION = YES;
				GCC_WARN_ABOUT_RETURN_TYPE = YES_ERROR;
				GCC_WARN_UNDECLARED_SELECTOR = YES;
				GCC_WARN_UNINITIALIZED_AUTOS = YES_AGGRESSIVE;
				GCC_WARN_UNUSED_FUNCTION = YES;
				GCC_WARN_UNUSED_VARIABLE = YES;
				IPHONEOS_DEPLOYMENT_TARGET = 13.4;
				MTL_ENABLE_DEBUG_INFO = NO;
				MTL_FAST_MATH = YES;
				SDKROOT = iphoneos;
				SWIFT_COMPILATION_MODE = wholemodule;
				SWIFT_OPTIMIZATION_LEVEL = "-O";
				VALIDATE_PRODUCT = YES;
			};
			name = Release;
		};
		C18B2F6224619B4000467566 /* Debug */ = {
			isa = XCBuildConfiguration;
			buildSettings = {
				ASSETCATALOG_COMPILER_APPICON_NAME = AppIcon;
				CODE_SIGN_STYLE = Automatic;
				DEVELOPMENT_ASSET_PATHS = "\"Split View/Preview Content\"";
				ENABLE_PREVIEWS = YES;
				INFOPLIST_FILE = "Split View/Info.plist";
				LD_RUNPATH_SEARCH_PATHS = (
					"$(inherited)",
					"@executable_path/Frameworks",
				);
				PRODUCT_BUNDLE_IDENTIFIER = "Yang.org.Split-View";
				PRODUCT_NAME = "$(TARGET_NAME)";
				SWIFT_VERSION = 5.0;
				TARGETED_DEVICE_FAMILY = "1,2";
			};
			name = Debug;
		};
		C18B2F6324619B4000467566 /* Release */ = {
			isa = XCBuildConfiguration;
			buildSettings = {
				ASSETCATALOG_COMPILER_APPICON_NAME = AppIcon;
				CODE_SIGN_STYLE = Automatic;
				DEVELOPMENT_ASSET_PATHS = "\"Split View/Preview Content\"";
				ENABLE_PREVIEWS = YES;
				INFOPLIST_FILE = "Split View/Info.plist";
				LD_RUNPATH_SEARCH_PATHS = (
					"$(inherited)",
					"@executable_path/Frameworks",
				);
				PRODUCT_BUNDLE_IDENTIFIER = "Yang.org.Split-View";
				PRODUCT_NAME = "$(TARGET_NAME)";
				SWIFT_VERSION = 5.0;
				TARGETED_DEVICE_FAMILY = "1,2";
			};
			name = Release;
		};
/* End XCBuildConfiguration section */

/* Begin XCConfigurationList section */
		C18B2F4824619B3D00467566 /* Build configuration list for PBXProject "Split View" */ = {
			isa = XCConfigurationList;
			buildConfigurations = (
				C18B2F5F24619B4000467566 /* Debug */,
				C18B2F6024619B4000467566 /* Release */,
			);
			defaultConfigurationIsVisible = 0;
			defaultConfigurationName = Release;
		};
		C18B2F6124619B4000467566 /* Build configuration list for PBXNativeTarget "Split View" */ = {
			isa = XCConfigurationList;
			buildConfigurations = (
				C18B2F6224619B4000467566 /* Debug */,
				C18B2F6324619B4000467566 /* Release */,
			);
			defaultConfigurationIsVisible = 0;
			defaultConfigurationName = Release;
		};
/* End XCConfigurationList section */
	};
	rootObject = C18B2F4524619B3D00467566 /* Project object */;
}
